<?xml version="1.0" encoding="utf-8"?>
<Project ToolsVersion="4.0" xmlns="http://schemas.microsoft.com/developer/msbuild/2003">
  <ItemGroup>
    <Filter Include="3DS">
      <UniqueIdentifier>{1cd5b090-3019-48c0-afb5-1e60dca2cdda}</UniqueIdentifier>
    </Filter>
    <Filter Include="Cameras">
      <UniqueIdentifier>{acb7c54e-3813-4628-9910-08f4c7383eb2}</UniqueIdentifier>
    </Filter>
    <Filter Include="Fillers">
      <UniqueIdentifier>{6a81db19-25b2-46a0-a742-4169c674002f}</UniqueIdentifier>
    </Filter>
    <Filter Include="FLD">
      <UniqueIdentifier>{f77c52ee-9c05-4ac0-b1f2-197ed7139e85}</UniqueIdentifier>
    </Filter>
    <Filter Include="FRUSTRUM">
      <UniqueIdentifier>{40f83bcd-83dc-4bd8-9ebb-b50e80c2cf51}</UniqueIdentifier>
    </Filter>
    <Filter Include="IMGCODE">
      <UniqueIdentifier>{13396eeb-46df-4bb0-b1d2-26f7998e548f}</UniqueIdentifier>
    </Filter>
    <Filter Include="IMGGENR">
      <UniqueIdentifier>{a1e55f00-85af-4a00-9e6d-f0b637eccdba}</UniqueIdentifier>
    </Filter>
    <Filter Include="IMGPROC">
      <UniqueIdentifier>{622c4843-fe67-4b5c-b4a5-964c2314db7a}</UniqueIdentifier>
    </Filter>
    <Filter Include="MATH">
      <UniqueIdentifier>{c507f7eb-88ab-4b47-81a1-e3be5e9179f3}</UniqueIdentifier>
    </Filter>
    <Filter Include="MISC">
      <UniqueIdentifier>{28ffa60a-69fd-412b-b335-9123a4e63e92}</UniqueIdentifier>
    </Filter>
    <Filter Include="MIDAS">
      <UniqueIdentifier>{05943468-6177-45bc-a829-f8ad829ac33d}</UniqueIdentifier>
    </Filter>
    <Filter Include="PCLSYS">
      <UniqueIdentifier>{d67aaa6a-2767-432c-9680-ee6e2188c137}</UniqueIdentifier>
    </Filter>
    <Filter Include="RADIO">
      <UniqueIdentifier>{4426b89f-ebbe-48a4-bb5b-2744cb22dde4}</UniqueIdentifier>
    </Filter>
    <Filter Include="RENDER">
      <UniqueIdentifier>{a1029012-a22c-4614-91aa-eedcf07108a5}</UniqueIdentifier>
    </Filter>
    <Filter Include="V3D">
      <UniqueIdentifier>{1f3e002a-71a0-4f25-b005-eea417f77d6a}</UniqueIdentifier>
    </Filter>
    <Filter Include="VESA">
      <UniqueIdentifier>{de30e328-1962-49d2-9ae9-f2480dd1be40}</UniqueIdentifier>
    </Filter>
    <Filter Include="ISR">
      <UniqueIdentifier>{edfa3295-85bc-4636-8779-e210d8f49e89}</UniqueIdentifier>
    </Filter>
    <Filter Include="DPMI">
      <UniqueIdentifier>{105167b2-382f-4aae-a125-b4ffc2c0b6a6}</UniqueIdentifier>
    </Filter>
    <Filter Include="Skycube">
      <UniqueIdentifier>{1ec9fc86-43c8-47d8-952a-6b54faca7434}</UniqueIdentifier>
    </Filter>
    <Filter Include="Base">
      <UniqueIdentifier>{135c1895-4a3a-4483-be6b-32acee897848}</UniqueIdentifier>
    </Filter>
    <Filter Include="CoffReader">
      <UniqueIdentifier>{d9e82236-db56-4f82-962c-b2e647f0b807}</UniqueIdentifier>
    </Filter>
  </ItemGroup>
  <ItemGroup>
    <ClCompile Include="3DS\3DS_READ.CPP">
      <Filter>3DS</Filter>
    </ClCompile>
    <ClCompile Include="CAMERAS\CAMERAS.CPP">
      <Filter>Cameras</Filter>
    </ClCompile>
    <ClCompile Include="FILLERS\F4Vec.cpp">
      <Filter>Fillers</Filter>
    </ClCompile>
    <ClCompile Include="FILLERS\IX.cpp">
      <Filter>Fillers</Filter>
    </ClCompile>
    <ClCompile Include="FILLERS\IXFZ.cpp">
      <Filter>Fillers</Filter>
    </ClCompile>
    <ClCompile Include="FILLERS\IXGZ.cpp">
      <Filter>Fillers</Filter>
    </ClCompile>
    <ClCompile Include="FILLERS\IXTZ.cpp">
      <Filter>Fillers</Filter>
    </ClCompile>
    <ClCompile Include="FLD\FLD_CONV.CPP">
      <Filter>FLD</Filter>
    </ClCompile>
    <ClCompile Include="FLD\FLD_MAT.CPP">
      <Filter>FLD</Filter>
    </ClCompile>
    <ClCompile Include="FLD\FLD_READ.CPP">
      <Filter>FLD</Filter>
    </ClCompile>
    <ClCompile Include="FRUSTRUM\FRUSTRUM.CPP">
      <Filter>FRUSTRUM</Filter>
    </ClCompile>
    <ClCompile Include="IMGCODE\IMGCODE.CPP">
      <Filter>IMGCODE</Filter>
    </ClCompile>
    <ClCompile Include="IMGGENR\IMGGENR.CPP">
      <Filter>IMGGENR</Filter>
    </ClCompile>
    <ClCompile Include="IMGPROC\IMGPROC.CPP">
      <Filter>IMGPROC</Filter>
    </ClCompile>
    <ClCompile Include="MATH\MATH.CPP">
      <Filter>MATH</Filter>
    </ClCompile>
    <ClCompile Include="MISC\Memmgr.cpp">
      <Filter>MISC</Filter>
    </ClCompile>
    <ClCompile Include="MISC\MOUSE.CPP">
      <Filter>MISC</Filter>
    </ClCompile>
    <ClCompile Include="MISC\PREPROC.CPP">
      <Filter>MISC</Filter>
    </ClCompile>
    <ClCompile Include="MISC\TABLES.CPP">
      <Filter>MISC</Filter>
    </ClCompile>
    <ClCompile Include="MISC\TxtrLib.cpp">
      <Filter>MISC</Filter>
    </ClCompile>
    <ClCompile Include="MDSPLAY\MDSPLAY.CPP">
      <Filter>MIDAS</Filter>
    </ClCompile>
    <ClCompile Include="PCLSYS\PCLSYS.CPP">
      <Filter>PCLSYS</Filter>
    </ClCompile>
    <ClCompile Include="RADIO\RADIO.CPP">
      <Filter>RADIO</Filter>
    </ClCompile>
    <ClCompile Include="RENDER\RENDER.CPP">
      <Filter>RENDER</Filter>
    </ClCompile>
    <ClCompile Include="V3D\V3D_READ.CPP">
      <Filter>V3D</Filter>
    </ClCompile>
    <ClCompile Include="VESA\VESA.CPP">
      <Filter>VESA</Filter>
    </ClCompile>
    <ClCompile Include="ISR\ISR.CPP">
      <Filter>ISR</Filter>
    </ClCompile>
    <ClCompile Include="DPMI\DPMI.CPP">
      <Filter>DPMI</Filter>
    </ClCompile>
    <ClCompile Include="SkyCube\SkyCube.cpp">
      <Filter>Skycube</Filter>
    </ClCompile>
    <ClCompile Include="3DS\FUTILS.CPP">
      <Filter>3DS</Filter>
    </ClCompile>
    <ClCompile Include="3DS\MATERIAL.CPP">
      <Filter>3DS</Filter>
    </ClCompile>
    <ClCompile Include="3DS\TRACKS.CPP">
      <Filter>3DS</Filter>
    </ClCompile>
    <ClCompile Include="3DS\WORLD.CPP">
      <Filter>3DS</Filter>
    </ClCompile>
    <ClCompile Include="FILLERS\FILLERS.CPP">
      <Filter>Fillers</Filter>
    </ClCompile>
    <ClCompile Include="FILLERS\IXTGZ.cpp">
      <Filter>Fillers</Filter>
    </ClCompile>
    <ClCompile Include="Base\Texture.cpp">
      <Filter>Base</Filter>
    </ClCompile>
    <ClCompile Include="VESA\FONTS.CPP">
      <Filter>VESA</Filter>
    </ClCompile>
    <ClCompile Include="VESA\VESA_TABLES.CPP">
      <Filter>VESA</Filter>
    </ClCompile>
    <ClCompile Include="Gradient.cpp">
      <Filter>IMGGENR</Filter>
    </ClCompile>
    <ClCompile Include="Clipper.cpp" />
    <ClCompile Include="CoffReader\CoffReader.cpp">
      <Filter>CoffReader</Filter>
    </ClCompile>
  </ItemGroup>
  <ItemGroup>
    <ClInclude Include="3ds\I_defs.h">
      <Filter>3DS</Filter>
    </ClInclude>
    <ClInclude Include="FILLERS\F4Vec.h">
      <Filter>Fillers</Filter>
    </ClInclude>
    <ClInclude Include="FILLERS\IX.h">
      <Filter>Fillers</Filter>
    </ClInclude>
    <ClInclude Include="FLD\FLD_READ.H">
      <Filter>FLD</Filter>
    </ClInclude>
    <ClInclude Include="FLD\LWREAD.H">
      <Filter>FLD</Filter>
    </ClInclude>
    <ClInclude Include="IMGCODE\QUANTUM.H">
      <Filter>IMGCODE</Filter>
    </ClInclude>
    <ClInclude Include="MATH\BASEMATH.H">
      <Filter>MATH</Filter>
    </ClInclude>
    <ClInclude Include="MDSPLAY\MIDASDLL.H">
      <Filter>MIDAS</Filter>
    </ClInclude>
    <ClInclude Include="RENDER\GENERAL.H">
      <Filter>RENDER</Filter>
    </ClInclude>
    <ClInclude Include="RENDER\SORTS.H">
      <Filter>RENDER</Filter>
    </ClInclude>
    <ClInclude Include="RENDER\SQRTTBL.H">
      <Filter>RENDER</Filter>
    </ClInclude>
    <ClInclude Include="V3D\M_DEFS.H">
      <Filter>V3D</Filter>
    </ClInclude>
    <ClInclude Include="V3D\OBJECTS.H">
      <Filter>V3D</Filter>
    </ClInclude>
    <ClInclude Include="VESA\VESA.H">
      <Filter>VESA</Filter>
    </ClInclude>
    <ClInclude Include="DPMI\DPMI.H">
      <Filter>DPMI</Filter>
    </ClInclude>
    <ClInclude Include="SkyCube\SkyCube.h">
      <Filter>Skycube</Filter>
    </ClInclude>
    <ClInclude Include="3DS\FUtils.h">
      <Filter>3DS</Filter>
    </ClInclude>
    <ClInclude Include="Base\BaseDefs.h">
      <Filter>Base</Filter>
    </ClInclude>
    <ClInclude Include="Base\Camera.h">
      <Filter>Base</Filter>
    </ClInclude>
    <ClInclude Include="Base\Color.h">
      <Filter>Base</Filter>
    </ClInclude>
    <ClInclude Include="Base\Edge.h">
      <Filter>Base</Filter>
    </ClInclude>
    <ClInclude Include="Base\Face.h">
      <Filter>Base</Filter>
    </ClInclude>
    <ClInclude Include="Base\FDS_DECS.H">
      <Filter>Base</Filter>
    </ClInclude>
    <ClInclude Include="Base\FDS_DEFS.H">
      <Filter>Base</Filter>
    </ClInclude>
    <ClInclude Include="Base\FDS_VARS.H">
      <Filter>Base</Filter>
    </ClInclude>
    <ClInclude Include="Base\KeyFrame.h">
      <Filter>Base</Filter>
    </ClInclude>
    <ClInclude Include="Base\Material.h">
      <Filter>Base</Filter>
    </ClInclude>
    <ClInclude Include="Base\Object.h">
      <Filter>Base</Filter>
    </ClInclude>
    <ClInclude Include="Base\Omni.h">
      <Filter>Base</Filter>
    </ClInclude>
    <ClInclude Include="Base\Quaternion.h">
      <Filter>Base</Filter>
    </ClInclude>
    <ClInclude Include="Base\Scene.h">
      <Filter>Base</Filter>
    </ClInclude>
    <ClInclude Include="Base\Spline.h">
      <Filter>Base</Filter>
    </ClInclude>
    <ClInclude Include="Base\SpotLight.h">
      <Filter>Base</Filter>
    </ClInclude>
    <ClInclude Include="Base\TBR.h">
      <Filter>Base</Filter>
    </ClInclude>
    <ClInclude Include="Base\Texture.h">
      <Filter>Base</Filter>
    </ClInclude>
    <ClInclude Include="Base\TriMesh.h">
      <Filter>Base</Filter>
    </ClInclude>
    <ClInclude Include="Base\Vector.h">
      <Filter>Base</Filter>
    </ClInclude>
    <ClInclude Include="Base\Vertex.h">
      <Filter>Base</Filter>
    </ClInclude>
    <ClInclude Include="Base\Matrix.h">
      <Filter>Base</Filter>
    </ClInclude>
    <ClInclude Include="IMGGENR\IMGGENR.H">
      <Filter>IMGGENR</Filter>
    </ClInclude>
    <ClInclude Include="IMGGENR\PREPROC.H">
      <Filter>MISC</Filter>
    </ClInclude>
    <ClInclude Include="Fillers\FILLERS.H">
      <Filter>Fillers</Filter>
    </ClInclude>
    <ClInclude Include="Gradient.h" />
    <ClInclude Include="FRUSTRUM.H">
      <Filter>FRUSTRUM</Filter>
    </ClInclude>
    <ClInclude Include="Clipper.h" />
    <ClInclude Include="CoffReader\CoffReader.h">
      <Filter>CoffReader</Filter>
    </ClInclude>
  </ItemGroup>
  <ItemGroup>
    <None Include="MISC\mmreg.inl">
      <Filter>MISC</Filter>
    </None>
    <None Include="FILLERS\IXTGZTTAM.ASM">
      <Filter>Fillers</Filter>
    </None>
  </ItemGroup>
  <ItemGroup>
    <CustomBuild Include="FILLERS\BIHI.ASM">
      <Filter>Fillers</Filter>
    </CustomBuild>
    <CustomBuild Include="FILLERS\BILINEAR.ASM">
      <Filter>Fillers</Filter>
    </CustomBuild>
    <CustomBuild Include="FILLERS\BITRFLAT.ASM">
      <Filter>Fillers</Filter>
    </CustomBuild>
    <CustomBuild Include="FILLERS\BITRUE.ASM">
      <Filter>Fillers</Filter>
    </CustomBuild>
    <CustomBuild Include="FILLERS\BITTRUE.ASM">
      <Filter>Fillers</Filter>
    </CustomBuild>
    <CustomBuild Include="FILLERS\GOURAUD.ASM">
      <Filter>Fillers</Filter>
    </CustomBuild>
    <CustomBuild Include="FILLERS\GOURMMX.ASM">
      <Filter>Fillers</Filter>
    </CustomBuild>
    <CustomBuild Include="FILLERS\GOURMMXT.ASM">
      <Filter>Fillers</Filter>
    </CustomBuild>
    <CustomBuild Include="FILLERS\IXTGZM.ASM">
      <Filter>Fillers</Filter>
    </CustomBuild>
    <CustomBuild Include="FILLERS\IXTGZTAM.ASM">
      <Filter>Fillers</Filter>
    </CustomBuild>
    <CustomBuild Include="FILLERS\IXTGZTM.ASM">
      <Filter>Fillers</Filter>
    </CustomBuild>
    <CustomBuild Include="FILLERS\SCALE.ASM">
      <Filter>Fillers</Filter>
    </CustomBuild>
    <CustomBuild Include="FILLERS\SCALE64.ASM">
      <Filter>Fillers</Filter>
    </CustomBuild>
    <CustomBuild Include="FILLERS\SCALEMMX.ASM">
      <Filter>Fillers</Filter>
    </CustomBuild>
    <CustomBuild Include="FILLERS\SclMMX32.asm">
      <Filter>Fillers</Filter>
    </CustomBuild>
    <CustomBuild Include="FILLERS\TEXTGOUR.ASM">
      <Filter>Fillers</Filter>
    </CustomBuild>
    <CustomBuild Include="FILLERS\TRNSGOUR.ASM">
      <Filter>Fillers</Filter>
    </CustomBuild>
    <CustomBuild Include="FILLERS\ZSCALE.ASM">
      <Filter>Fillers</Filter>
    </CustomBuild>
    <CustomBuild Include="IMGGENR\WOBTR.ASM">
      <Filter>IMGGENR</Filter>
    </CustomBuild>
    <CustomBuild Include="IMGGENR\WOBTR320.ASM">
      <Filter>IMGGENR</Filter>
    </CustomBuild>
    <CustomBuild Include="IMGGENR\WOBTRMMX.asm">
      <Filter>IMGGENR</Filter>
    </CustomBuild>
    <CustomBuild Include="IMGGENR\WOBTRnew.asm">
      <Filter>IMGGENR</Filter>
    </CustomBuild>
    <CustomBuild Include="IMGGENR\WOBTRXXX.ASM">
      <Filter>IMGGENR</Filter>
    </CustomBuild>
    <CustomBuild Include="RENDER\PackedVars.ASM">
      <Filter>RENDER</Filter>
    </CustomBuild>
    <CustomBuild Include="IXTGZSAM.asm">
      <Filter>Fillers</Filter>
    </CustomBuild>
  </ItemGroup>
</Project>