<?xml version="1.0" encoding="utf-8"?>
<Project ToolsVersion="4.0" xmlns="http://schemas.microsoft.com/developer/msbuild/2003">
  <ItemGroup>
    <Filter Include="D3D8">
      <UniqueIdentifier>{4a7af213-1c96-4838-9b60-938f2b876e54}</UniqueIdentifier>
    </Filter>
    <Filter Include="DDRAW">
      <UniqueIdentifier>{d89912ac-7eb1-4512-acfe-de3ca35723f8}</UniqueIdentifier>
    </Filter>
  </ItemGroup>
  <ItemGroup>
    <ClCompile Include="CHASE.CPP" />
    <ClCompile Include="CITY.CPP" />
    <ClCompile Include="Config.cpp" />
    <ClCompile Include="CRASH.CPP" />
    <ClCompile Include="CREDITS.CPP" />
    <ClCompile Include="END.CPP" />
    <ClCompile Include="FillerTest.cpp" />
    <ClCompile Include="FOUNTAIN.CPP" />
    <ClCompile Include="GDI.CPP" />
    <ClCompile Include="GLAT.CPP" />
    <ClCompile Include="GREETS.CPP" />
    <ClCompile Include="ImageCompression.cpp" />
    <ClCompile Include="Koch.cpp" />
    <ClCompile Include="Nova.cpp" />
    <ClCompile Include="PhotonTracer.cpp" />
    <ClCompile Include="Raytracer.cpp" />
    <ClCompile Include="REV.CPP" />
    <ClCompile Include="SDL2.cpp" />
  </ItemGroup>
  <ItemGroup>
    <ClInclude Include="CHASE.H" />
    <ClInclude Include="CITY.H" />
    <ClInclude Include="Config.h" />
    <ClInclude Include="CRASH.H" />
    <ClInclude Include="CREDITS.H" />
    <ClInclude Include="FillerTest.h" />
    <ClInclude Include="FOUNTAIN.H" />
    <ClInclude Include="GDI.H" />
    <ClInclude Include="GLAT.H" />
    <ClInclude Include="GREETS.H" />
    <ClInclude Include="ImageCompression.h" />
    <ClInclude Include="Koch.h" />
    <ClInclude Include="Nova.h" />
    <ClInclude Include="PhotonTracer.h" />
    <ClInclude Include="Raytracer.h" />
    <ClInclude Include="REV.H" />
    <ClInclude Include="Win32Display.h" />
    <ClInclude Include="SDL2.h" />
  </ItemGroup>
  <ItemGroup>
    <Library Include="..\Modplayer\modplayer-32.lib" />
    <Library Include="..\Modplayer\modplayer-64.lib" />
  </ItemGroup>
</Project>