<?xml version="1.0" encoding="utf-8"?>
<Project ToolsVersion="4.0" xmlns="http://schemas.microsoft.com/developer/msbuild/2003">
  <ItemGroup>
    <Filter Include="Source Files">
      <UniqueIdentifier>{318857d7-797e-45f1-80ad-73706d0f0036}</UniqueIdentifier>
      <Extensions>cpp;c;cxx;rc;def;r;odl;idl;hpj;bat</Extensions>
    </Filter>
    <Filter Include="Header Files">
      <UniqueIdentifier>{7a3a1025-ac1c-49fb-9c8d-802f0ae1e0b4}</UniqueIdentifier>
      <Extensions>h;hpp;hxx;hm;inl</Extensions>
    </Filter>
    <Filter Include="Header Files\fmod">
      <UniqueIdentifier>{dec7b0bf-9044-42bc-90ab-432d5032b792}</UniqueIdentifier>
    </Filter>
  </ItemGroup>
  <ItemGroup>
    <ClCompile Include="FMod.cpp">
      <Filter>Source Files</Filter>
    </ClCompile>
  </ItemGroup>
  <ItemGroup>
    <ClInclude Include="FMod.h">
      <Filter>Header Files</Filter>
    </ClInclude>
    <ClInclude Include="api\inc\fmod.h">
      <Filter>Header Files\fmod</Filter>
    </ClInclude>
    <ClInclude Include="api\inc\fmod.hpp">
      <Filter>Header Files\fmod</Filter>
    </ClInclude>
    <ClInclude Include="api\inc\fmod_codec.h">
      <Filter>Header Files\fmod</Filter>
    </ClInclude>
    <ClInclude Include="api\inc\fmod_common.h">
      <Filter>Header Files\fmod</Filter>
    </ClInclude>
    <ClInclude Include="api\inc\fmod_dsp.h">
      <Filter>Header Files\fmod</Filter>
    </ClInclude>
    <ClInclude Include="api\inc\fmod_dsp_effects.h">
      <Filter>Header Files\fmod</Filter>
    </ClInclude>
    <ClInclude Include="api\inc\fmod_errors.h">
      <Filter>Header Files\fmod</Filter>
    </ClInclude>
    <ClInclude Include="api\inc\fmod_output.h">
      <Filter>Header Files\fmod</Filter>
    </ClInclude>
    <ClInclude Include="api\inc\wincompat.h">
      <Filter>Header Files\fmod</Filter>
    </ClInclude>
  </ItemGroup>
  <ItemGroup>
    <Library Include="fmodvc.lib" />
  </ItemGroup>
</Project>